
Microsoft Visual Studio Solution File, Format Version 12.00
# Visual Studio Version 17
VisualStudioVersion = 17.0.31903.59
MinimumVisualStudioVersion = 10.0.40219.1
Project("{2150E333-8FDC-42A3-9474-1A3956D46DE8}") = "src", "src", "{3349E254-01F1-4692-8FC0-52A7DEB6D9C9}"
EndProject
Project("{2150E333-8FDC-42A3-9474-1A3956D46DE8}") = "Frontends", "Frontends", "{D62BA7B8-9204-4AFE-AEF5-6B13FEDCB224}"
EndProject
Project("{2150E333-8FDC-42A3-9474-1A3956D46DE8}") = "Services", "Services", "{6A995167-7165-429B-92C3-F7F5B8E2D4BD}"
EndProject
Project("{2150E333-8FDC-42A3-9474-1A3956D46DE8}") = "Shared", "Shared", "{6A6D1494-B464-4E79-8BC2-E06C7C443382}"
EndProject
Project("{2150E333-8FDC-42A3-9474-1A3956D46DE8}") = "UalManager.Api", "UalManager.Api", "{D59E0A9C-C1BE-47EC-BD33-23EAECFFF832}"
EndProject
Project("{2150E333-8FDC-42A3-9474-1A3956D46DE8}") = "UalManager.PublicApi", "UalManager.PublicApi", "{92484D0F-DB5C-4A97-940E-2D52C19AE755}"
EndProject
Project("{9A19103F-16F7-4668-BE54-9A1E7A4F7556}") = "UalManager.Api", "src\Services\UalManager.Api\UalManager.Api.csproj", "{B384F386-5303-4B88-B688-3B476C9A7370}"
EndProject
Project("{9A19103F-16F7-4668-BE54-9A1E7A4F7556}") = "UalManager.PublicApi", "src\Services\UalManager.PublicApi\UalManager.PublicApi.csproj", "{D9B000C0-CDFA-4C0C-A4AC-1699A3A9DB92}"
EndProject
Project("{2150E333-8FDC-42A3-9474-1A3956D46DE8}") = "UalManager.Application", "UalManager.Application", "{07C15804-F5DD-4B74-AAFC-302AF0CF94DD}"
EndProject
Project("{2150E333-8FDC-42A3-9474-1A3956D46DE8}") = "UalManager.Infrastructure", "UalManager.Infrastructure", "{9DCA2832-756D-4326-8C10-260BD77D37AE}"
EndProject
Project("{2150E333-8FDC-42A3-9474-1A3956D46DE8}") = "UalManager.Domain", "UalManager.Domain", "{E4388F52-C735-4440-9B46-8D21006BF33B}"
EndProject
Project("{9A19103F-16F7-4668-BE54-9A1E7A4F7556}") = "UalManager.Application", "src\Shared\UalManager.Application\UalManager.Application.csproj", "{0EA66572-7602-4081-B310-393752191B7E}"
EndProject
Project("{9A19103F-16F7-4668-BE54-9A1E7A4F7556}") = "UalManager.Domain", "src\Shared\UalManager.Domain\UalManager.Domain.csproj", "{ED4B4A00-4B69-4AC0-8741-113BB3B2D1FF}"
EndProject
Project("{9A19103F-16F7-4668-BE54-9A1E7A4F7556}") = "UalManager.Infrastructure", "src\Shared\UalManager.Infrastructure\UalManager.Infrastructure.csproj", "{2880CF87-BAAC-478A-AF69-DA4275219DE7}"
EndProject
Global
	GlobalSection(SolutionConfigurationPlatforms) = preSolution
		Debug|Any CPU = Debug|Any CPU
		Release|Any CPU = Release|Any CPU
	EndGlobalSection
	GlobalSection(ProjectConfigurationPlatforms) = postSolution
		{B384F386-5303-4B88-B688-3B476C9A7370}.Debug|Any CPU.ActiveCfg = Debug|Any CPU
		{B384F386-5303-4B88-B688-3B476C9A7370}.Debug|Any CPU.Build.0 = Debug|Any CPU
		{B384F386-5303-4B88-B688-3B476C9A7370}.Release|Any CPU.ActiveCfg = Release|Any CPU
		{B384F386-5303-4B88-B688-3B476C9A7370}.Release|Any CPU.Build.0 = Release|Any CPU
		{D9B000C0-CDFA-4C0C-A4AC-1699A3A9DB92}.Debug|Any CPU.ActiveCfg = Debug|Any CPU
		{D9B000C0-CDFA-4C0C-A4AC-1699A3A9DB92}.Debug|Any CPU.Build.0 = Debug|Any CPU
		{D9B000C0-CDFA-4C0C-A4AC-1699A3A9DB92}.Release|Any CPU.ActiveCfg = Release|Any CPU
		{D9B000C0-CDFA-4C0C-A4AC-1699A3A9DB92}.Release|Any CPU.Build.0 = Release|Any CPU
		{0EA66572-7602-4081-B310-393752191B7E}.Debug|Any CPU.ActiveCfg = Debug|Any CPU
		{0EA66572-7602-4081-B310-393752191B7E}.Debug|Any CPU.Build.0 = Debug|Any CPU
		{0EA66572-7602-4081-B310-393752191B7E}.Release|Any CPU.ActiveCfg = Release|Any CPU
		{0EA66572-7602-4081-B310-393752191B7E}.Release|Any CPU.Build.0 = Release|Any CPU
		{ED4B4A00-4B69-4AC0-8741-113BB3B2D1FF}.Debug|Any CPU.ActiveCfg = Debug|Any CPU
		{ED4B4A00-4B69-4AC0-8741-113BB3B2D1FF}.Debug|Any CPU.Build.0 = Debug|Any CPU
		{ED4B4A00-4B69-4AC0-8741-113BB3B2D1FF}.Release|Any CPU.ActiveCfg = Release|Any CPU
		{ED4B4A00-4B69-4AC0-8741-113BB3B2D1FF}.Release|Any CPU.Build.0 = Release|Any CPU
		{2880CF87-BAAC-478A-AF69-DA4275219DE7}.Debug|Any CPU.ActiveCfg = Debug|Any CPU
		{2880CF87-BAAC-478A-AF69-DA4275219DE7}.Debug|Any CPU.Build.0 = Debug|Any CPU
		{2880CF87-BAAC-478A-AF69-DA4275219DE7}.Release|Any CPU.ActiveCfg = Release|Any CPU
		{2880CF87-BAAC-478A-AF69-DA4275219DE7}.Release|Any CPU.Build.0 = Release|Any CPU
	EndGlobalSection
	GlobalSection(SolutionProperties) = preSolution
		HideSolutionNode = FALSE
	EndGlobalSection
	GlobalSection(NestedProjects) = preSolution
		{D62BA7B8-9204-4AFE-AEF5-6B13FEDCB224} = {3349E254-01F1-4692-8FC0-52A7DEB6D9C9}
		{6A995167-7165-429B-92C3-F7F5B8E2D4BD} = {3349E254-01F1-4692-8FC0-52A7DEB6D9C9}
		{6A6D1494-B464-4E79-8BC2-E06C7C443382} = {3349E254-01F1-4692-8FC0-52A7DEB6D9C9}
		{D59E0A9C-C1BE-47EC-BD33-23EAECFFF832} = {6A995167-7165-429B-92C3-F7F5B8E2D4BD}
		{92484D0F-DB5C-4A97-940E-2D52C19AE755} = {6A995167-7165-429B-92C3-F7F5B8E2D4BD}
		{B384F386-5303-4B88-B688-3B476C9A7370} = {D59E0A9C-C1BE-47EC-BD33-23EAECFFF832}
		{D9B000C0-CDFA-4C0C-A4AC-1699A3A9DB92} = {92484D0F-DB5C-4A97-940E-2D52C19AE755}
		{07C15804-F5DD-4B74-AAFC-302AF0CF94DD} = {6A6D1494-B464-4E79-8BC2-E06C7C443382}
		{9DCA2832-756D-4326-8C10-260BD77D37AE} = {6A6D1494-B464-4E79-8BC2-E06C7C443382}
		{E4388F52-C735-4440-9B46-8D21006BF33B} = {6A6D1494-B464-4E79-8BC2-E06C7C443382}
		{0EA66572-7602-4081-B310-393752191B7E} = {07C15804-F5DD-4B74-AAFC-302AF0CF94DD}
		{ED4B4A00-4B69-4AC0-8741-113BB3B2D1FF} = {E4388F52-C735-4440-9B46-8D21006BF33B}
		{2880CF87-BAAC-478A-AF69-DA4275219DE7} = {9DCA2832-756D-4326-8C10-260BD77D37AE}
	EndGlobalSection
	GlobalSection(ExtensibilityGlobals) = postSolution
		SolutionGuid = {5578CB35-DCBD-4C2F-80CF-C73D9B344F66}
	EndGlobalSection
EndGlobal
